<?xml version="1.0" encoding="utf-8"?>
<Project ToolsVersion="4.0" xmlns="http://schemas.microsoft.com/developer/msbuild/2003">
  <ItemGroup>
    <Filter Include="src">
      <UniqueIdentifier>{47775300-fbdc-44a1-8465-c963f5f7e398}</UniqueIdentifier>
      <Extensions>c</Extensions>
    </Filter>
    <Filter Include="include">
      <UniqueIdentifier>{b578de0f-1cdf-4d44-9709-e4b98ddb5c8a}</UniqueIdentifier>
      <Extensions>h</Extensions>
    </Filter>
  </ItemGroup>
  <ItemGroup>
    <ClCompile Include="main.c">
      <Filter>src</Filter>
    </ClCompile>
    <ClCompile Include="bitmap.c">
      <Filter>src</Filter>
    </ClCompile>
  </ItemGroup>
  <ItemGroup>
    <ClInclude Include="bitmap.h">
      <Filter>include</Filter>
    </ClInclude>
  </ItemGroup>
</Project>